
Microsoft Visual Studio Solution File, Format Version 12.00
# Visual Studio Version 17
VisualStudioVersion = 17.1.32210.238
MinimumVisualStudioVersion = 10.0.40219.1
Project("{FAE04EC0-301F-11D3-BF4B-00C04F79EFBC}") = "AcademyApp_Chess_Tournament", "AcademyApp_Chess_Tournament\AcademyApp_Chess_Tournament.csproj", "{51EB61A8-F1A2-4935-BF96-089F0EDD995D}"
EndProject
Project("{FAE04EC0-301F-11D3-BF4B-00C04F79EFBC}") = "Entities", "Entities\Entities.csproj", "{EAA09678-FF8C-4268-8E91-897BC5F63FA0}"
EndProject
Project("{FAE04EC0-301F-11D3-BF4B-00C04F79EFBC}") = "DataAccess", "DataAccess\DataAccess.csproj", "{5B7469FC-1037-445B-B0CD-E8FC40B28FF2}"
EndProject
Project("{FAE04EC0-301F-11D3-BF4B-00C04F79EFBC}") = "Business", "Business\Business.csproj", "{45C265BC-C3DF-4823-9F7A-AEDBB178DD62}"
EndProject
Global
	GlobalSection(SolutionConfigurationPlatforms) = preSolution
		Debug|Any CPU = Debug|Any CPU
		Release|Any CPU = Release|Any CPU
	EndGlobalSection
	GlobalSection(ProjectConfigurationPlatforms) = postSolution
		{51EB61A8-F1A2-4935-BF96-089F0EDD995D}.Debug|Any CPU.ActiveCfg = Debug|Any CPU
		{51EB61A8-F1A2-4935-BF96-089F0EDD995D}.Debug|Any CPU.Build.0 = Debug|Any CPU
		{51EB61A8-F1A2-4935-BF96-089F0EDD995D}.Release|Any CPU.ActiveCfg = Release|Any CPU
		{51EB61A8-F1A2-4935-BF96-089F0EDD995D}.Release|Any CPU.Build.0 = Release|Any CPU
		{EAA09678-FF8C-4268-8E91-897BC5F63FA0}.Debug|Any CPU.ActiveCfg = Debug|Any CPU
		{EAA09678-FF8C-4268-8E91-897BC5F63FA0}.Debug|Any CPU.Build.0 = Debug|Any CPU
		{EAA09678-FF8C-4268-8E91-897BC5F63FA0}.Release|Any CPU.ActiveCfg = Release|Any CPU
		{EAA09678-FF8C-4268-8E91-897BC5F63FA0}.Release|Any CPU.Build.0 = Release|Any CPU
		{5B7469FC-1037-445B-B0CD-E8FC40B28FF2}.Debug|Any CPU.ActiveCfg = Debug|Any CPU
		{5B7469FC-1037-445B-B0CD-E8FC40B28FF2}.Debug|Any CPU.Build.0 = Debug|Any CPU
		{5B7469FC-1037-445B-B0CD-E8FC40B28FF2}.Release|Any CPU.ActiveCfg = Release|Any CPU
		{5B7469FC-1037-445B-B0CD-E8FC40B28FF2}.Release|Any CPU.Build.0 = Release|Any CPU
		{45C265BC-C3DF-4823-9F7A-AEDBB178DD62}.Debug|Any CPU.ActiveCfg = Debug|Any CPU
		{45C265BC-C3DF-4823-9F7A-AEDBB178DD62}.Debug|Any CPU.Build.0 = Debug|Any CPU
		{45C265BC-C3DF-4823-9F7A-AEDBB178DD62}.Release|Any CPU.ActiveCfg = Release|Any CPU
		{45C265BC-C3DF-4823-9F7A-AEDBB178DD62}.Release|Any CPU.Build.0 = Release|Any CPU
	EndGlobalSection
	GlobalSection(SolutionProperties) = preSolution
		HideSolutionNode = FALSE
	EndGlobalSection
	GlobalSection(ExtensibilityGlobals) = postSolution
		SolutionGuid = {FA785E90-1352-43BF-A5FB-97A9BBCBBC80}
	EndGlobalSection
EndGlobal
